{
  "pins" : [
    {
      "identity" : "alerttoast",
      "kind" : "remoteSourceControl",
      "location" : "https://github.com/elai950/AlertToast.git",
      "state" : {
        "revision" : "b39252eacd159904afd7d718bba0afabb87f2f2f",
        "version" : "1.3.9"
      }
    },
    {
      "identity" : "blueswift",
      "kind" : "remoteSourceControl",
      "location" : "https://github.com/netguru/BlueSwift",
      "state" : {
        "revision" : "72dec8ee70d143d268f80119a8cef0972543b317",
        "version" : "1.1.5"
      }
    },
    {
      "identity" : "jgprogresshud",
      "kind" : "remoteSourceControl",
      "location" : "https://github.com/JonasGessner/JGProgressHUD.git",
      "state" : {
        "revision" : "78d7cd35f1d90ff74fd82e486f2cbe4b24be8cf9",
        "version" : "2.2.0"
      }
    },
    {
      "identity" : "jgprogresshud-swiftui",
      "kind" : "remoteSourceControl",
      "location" : "https://github.com/JonasGessner/JGProgressHUD-SwiftUI.git",
      "state" : {
        "revision" : "a173f018132a48e11b5e0bbca9a3dac30ce3f0ae",
        "version" : "0.1.1"
      }
    },
    {
      "identity" : "lbjimagepreviewer",
      "kind" : "remoteSourceControl",
      "location" : "https://github.com/Lebron1992/LBJImagePreviewer",
      "state" : {
        "revision" : "09623c0c18664b3feefd04a20fc77692cc532b59",
        "version" : "1.0.0"
      }
    },
    {
      "identity" : "popupview",
      "kind" : "remoteSourceControl",
      "location" : "https://github.com/exyte/PopupView.git",
      "state" : {
        "revision" : "68349a0ae704b9a7041f756f3f4f460ddbf7ba8d",
        "version" : "2.6.0"
      }
    },
    {
      "identity" : "snapkit",
      "kind" : "remoteSourceControl",
      "location" : "https://github.com/SnapKit/SnapKit.git",
      "state" : {
        "revision" : "f222cbdf325885926566172f6f5f06af95473158",
        "version" : "5.6.0"
      }
    }
  ],
  "version" : 2
}
