// !$*UTF8*$!
{
	archiveVersion = 1;
	classes = {
	};
	objectVersion = 56;
	objects = {

/* Begin PBXBuildFile section */
		1420B0202A89B63B0048621D /* MiniPrinterApp.swift in Sources */ = {isa = PBXBuildFile; fileRef = 1420B01F2A89B63B0048621D /* MiniPrinterApp.swift */; };
		1420B0242A89B63D0048621D /* Assets.xcassets in Resources */ = {isa = PBXBuildFile; fileRef = 1420B0232A89B63D0048621D /* Assets.xcassets */; };
		1420B0272A89B63D0048621D /* Preview Assets.xcassets in Resources */ = {isa = PBXBuildFile; fileRef = 1420B0262A89B63D0048621D /* Preview Assets.xcassets */; };
		1420B02E2A89BD940048621D /* BluetoothSearchView.swift in Sources */ = {isa = PBXBuildFile; fileRef = 1420B02D2A89BD940048621D /* BluetoothSearchView.swift */; };
		1420B0332A89D8320048621D /* BTSearchManager.swift in Sources */ = {isa = PBXBuildFile; fileRef = 1420B0322A89D8320048621D /* BTSearchManager.swift */; };
		1420B0362A89FD940048621D /* BluetoothDevice.swift in Sources */ = {isa = PBXBuildFile; fileRef = 1420B0352A89FD940048621D /* BluetoothDevice.swift */; };
		14F455842A8A11D8006255D2 /* BlueSwift in Frameworks */ = {isa = PBXBuildFile; productRef = 14F455832A8A11D8006255D2 /* BlueSwift */; };
/* End PBXBuildFile section */

/* Begin PBXFileReference section */
		1420B01C2A89B63B0048621D /* MiniPrinter.app */ = {isa = PBXFileReference; explicitFileType = wrapper.application; includeInIndex = 0; path = MiniPrinter.app; sourceTree = BUILT_PRODUCTS_DIR; };
		1420B01F2A89B63B0048621D /* MiniPrinterApp.swift */ = {isa = PBXFileReference; lastKnownFileType = sourcecode.swift; path = MiniPrinterApp.swift; sourceTree = "<group>"; };
		1420B0232A89B63D0048621D /* Assets.xcassets */ = {isa = PBXFileReference; lastKnownFileType = folder.assetcatalog; path = Assets.xcassets; sourceTree = "<group>"; };
		1420B0262A89B63D0048621D /* Preview Assets.xcassets */ = {isa = PBXFileReference; lastKnownFileType = folder.assetcatalog; path = "Preview Assets.xcassets"; sourceTree = "<group>"; };
		1420B02D2A89BD940048621D /* BluetoothSearchView.swift */ = {isa = PBXFileReference; lastKnownFileType = sourcecode.swift; path = BluetoothSearchView.swift; sourceTree = "<group>"; };
		1420B0322A89D8320048621D /* BTSearchManager.swift */ = {isa = PBXFileReference; lastKnownFileType = sourcecode.swift; path = BTSearchManager.swift; sourceTree = "<group>"; };
		1420B0352A89FD940048621D /* BluetoothDevice.swift */ = {isa = PBXFileReference; lastKnownFileType = sourcecode.swift; path = BluetoothDevice.swift; sourceTree = "<group>"; };
/* End PBXFileReference section */

/* Begin PBXFrameworksBuildPhase section */
		1420B0192A89B63B0048621D /* Frameworks */ = {
			isa = PBXFrameworksBuildPhase;
			buildActionMask = 2147483647;
			files = (
				14F455842A8A11D8006255D2 /* BlueSwift in Frameworks */,
			);
			runOnlyForDeploymentPostprocessing = 0;
		};
/* End PBXFrameworksBuildPhase section */

/* Begin PBXGroup section */
		1420B0132A89B63B0048621D = {
			isa = PBXGroup;
			children = (
				1420B01E2A89B63B0048621D /* MiniPrinter */,
				1420B01D2A89B63B0048621D /* Products */,
			);
			sourceTree = "<group>";
		};
		1420B01D2A89B63B0048621D /* Products */ = {
			isa = PBXGroup;
			children = (
				1420B01C2A89B63B0048621D /* MiniPrinter.app */,
			);
			name = Products;
			sourceTree = "<group>";
		};
		1420B01E2A89B63B0048621D /* MiniPrinter */ = {
			isa = PBXGroup;
			children = (
				1420B01F2A89B63B0048621D /* MiniPrinterApp.swift */,
				1420B0232A89B63D0048621D /* Assets.xcassets */,
				1420B0252A89B63D0048621D /* Preview Content */,
				1420B02D2A89BD940048621D /* BluetoothSearchView.swift */,
				1420B0322A89D8320048621D /* BTSearchManager.swift */,
				1420B0352A89FD940048621D /* BluetoothDevice.swift */,
			);
			path = MiniPrinter;
			sourceTree = "<group>";
		};
		1420B0252A89B63D0048621D /* Preview Content */ = {
			isa = PBXGroup;
			children = (
				1420B0262A89B63D0048621D /* Preview Assets.xcassets */,
			);
			path = "Preview Content";
			sourceTree = "<group>";
		};
/* End PBXGroup section */

/* Begin PBXNativeTarget section */
		1420B01B2A89B63B0048621D /* MiniPrinter */ = {
			isa = PBXNativeTarget;
			buildConfigurationList = 1420B02A2A89B63D0048621D /* Build configuration list for PBXNativeTarget "MiniPrinter" */;
			buildPhases = (
				1420B0182A89B63B0048621D /* Sources */,
				1420B0192A89B63B0048621D /* Frameworks */,
				1420B01A2A89B63B0048621D /* Resources */,
			);
			buildRules = (
			);
			dependencies = (
			);
			name = MiniPrinter;
			packageProductDependencies = (
				14F455832A8A11D8006255D2 /* BlueSwift */,
			);
			productName = MiniPrinter;
			productReference = 1420B01C2A89B63B0048621D /* MiniPrinter.app */;
			productType = "com.apple.product-type.application";
		};
/* End PBXNativeTarget section */

/* Begin PBXProject section */
		1420B0142A89B63B0048621D /* Project object */ = {
			isa = PBXProject;
			attributes = {
				BuildIndependentTargetsInParallel = 1;
				LastSwiftUpdateCheck = 1420;
				LastUpgradeCheck = 1420;
				TargetAttributes = {
					1420B01B2A89B63B0048621D = {
						CreatedOnToolsVersion = 14.2;
					};
				};
			};
			buildConfigurationList = 1420B0172A89B63B0048621D /* Build configuration list for PBXProject "MiniPrinter" */;
			compatibilityVersion = "Xcode 14.0";
			developmentRegion = en;
			hasScannedForEncodings = 0;
			knownRegions = (
				en,
				Base,
			);
			mainGroup = 1420B0132A89B63B0048621D;
			packageReferences = (
				14F455822A8A11D8006255D2 /* XCRemoteSwiftPackageReference "BlueSwift" */,
			);
			productRefGroup = 1420B01D2A89B63B0048621D /* Products */;
			projectDirPath = "";
			projectRoot = "";
			targets = (
				1420B01B2A89B63B0048621D /* MiniPrinter */,
			);
		};
/* End PBXProject section */

/* Begin PBXResourcesBuildPhase section */
		1420B01A2A89B63B0048621D /* Resources */ = {
			isa = PBXResourcesBuildPhase;
			buildActionMask = 2147483647;
			files = (
				1420B0272A89B63D0048621D /* Preview Assets.xcassets in Resources */,
				1420B0242A89B63D0048621D /* Assets.xcassets in Resources */,
			);
			runOnlyForDeploymentPostprocessing = 0;
		};
/* End PBXResourcesBuildPhase section */

/* Begin PBXSourcesBuildPhase section */
		1420B0182A89B63B0048621D /* Sources */ = {
			isa = PBXSourcesBuildPhase;
			buildActionMask = 2147483647;
			files = (
				1420B0202A89B63B0048621D /* MiniPrinterApp.swift in Sources */,
				1420B02E2A89BD940048621D /* BluetoothSearchView.swift in Sources */,
				1420B0362A89FD940048621D /* BluetoothDevice.swift in Sources */,
				1420B0332A89D8320048621D /* BTSearchManager.swift in Sources */,
			);
			runOnlyForDeploymentPostprocessing = 0;
		};
/* End PBXSourcesBuildPhase section */

/* Begin XCBuildConfiguration section */
		1420B0282A89B63D0048621D /* Debug */ = {
			isa = XCBuildConfiguration;
			buildSettings = {
				ALWAYS_SEARCH_USER_PATHS = NO;
				CLANG_ANALYZER_NONNULL = YES;
				CLANG_ANALYZER_NUMBER_OBJECT_CONVERSION = YES_AGGRESSIVE;
				CLANG_CXX_LANGUAGE_STANDARD = "gnu++20";
				CLANG_ENABLE_MODULES = YES;
				CLANG_ENABLE_OBJC_ARC = YES;
				CLANG_ENABLE_OBJC_WEAK = YES;
				CLANG_WARN_BLOCK_CAPTURE_AUTORELEASING = YES;
				CLANG_WARN_BOOL_CONVERSION = YES;
				CLANG_WARN_COMMA = YES;
				CLANG_WARN_CONSTANT_CONVERSION = YES;
				CLANG_WARN_DEPRECATED_OBJC_IMPLEMENTATIONS = YES;
				CLANG_WARN_DIRECT_OBJC_ISA_USAGE = YES_ERROR;
				CLANG_WARN_DOCUMENTATION_COMMENTS = YES;
				CLANG_WARN_EMPTY_BODY = YES;
				CLANG_WARN_ENUM_CONVERSION = YES;
				CLANG_WARN_INFINITE_RECURSION = YES;
				CLANG_WARN_INT_CONVERSION = YES;
				CLANG_WARN_NON_LITERAL_NULL_CONVERSION = YES;
				CLANG_WARN_OBJC_IMPLICIT_RETAIN_SELF = YES;
				CLANG_WARN_OBJC_LITERAL_CONVERSION = YES;
				CLANG_WARN_OBJC_ROOT_CLASS = YES_ERROR;
				CLANG_WARN_QUOTED_INCLUDE_IN_FRAMEWORK_HEADER = YES;
				CLANG_WARN_RANGE_LOOP_ANALYSIS = YES;
				CLANG_WARN_STRICT_PROTOTYPES = YES;
				CLANG_WARN_SUSPICIOUS_MOVE = YES;
				CLANG_WARN_UNGUARDED_AVAILABILITY = YES_AGGRESSIVE;
				CLANG_WARN_UNREACHABLE_CODE = YES;
				CLANG_WARN__DUPLICATE_METHOD_MATCH = YES;
				COPY_PHASE_STRIP = NO;
				DEBUG_INFORMATION_FORMAT = dwarf;
				ENABLE_STRICT_OBJC_MSGSEND = YES;
				ENABLE_TESTABILITY = YES;
				GCC_C_LANGUAGE_STANDARD = gnu11;
				GCC_DYNAMIC_NO_PIC = NO;
				GCC_NO_COMMON_BLOCKS = YES;
				GCC_OPTIMIZATION_LEVEL = 0;
				GCC_PREPROCESSOR_DEFINITIONS = (
					"DEBUG=1",
					"$(inherited)",
				);
				GCC_WARN_64_TO_32_BIT_CONVERSION = YES;
				GCC_WARN_ABOUT_RETURN_TYPE = YES_ERROR;
				GCC_WARN_UNDECLARED_SELECTOR = YES;
				GCC_WARN_UNINITIALIZED_AUTOS = YES_AGGRESSIVE;
				GCC_WARN_UNUSED_FUNCTION = YES;
				GCC_WARN_UNUSED_VARIABLE = YES;
				IPHONEOS_DEPLOYMENT_TARGET = 16.2;
				MTL_ENABLE_DEBUG_INFO = INCLUDE_SOURCE;
				MTL_FAST_MATH = YES;
				ONLY_ACTIVE_ARCH = YES;
				SDKROOT = iphoneos;
				SWIFT_ACTIVE_COMPILATION_CONDITIONS = DEBUG;
				SWIFT_OPTIMIZATION_LEVEL = "-Onone";
			};
			name = Debug;
		};
		1420B0292A89B63D0048621D /* Release */ = {
			isa = XCBuildConfiguration;
			buildSettings = {
				ALWAYS_SEARCH_USER_PATHS = NO;
				CLANG_ANALYZER_NONNULL = YES;
				CLANG_ANALYZER_NUMBER_OBJECT_CONVERSION = YES_AGGRESSIVE;
				CLANG_CXX_LANGUAGE_STANDARD = "gnu++20";
				CLANG_ENABLE_MODULES = YES;
				CLANG_ENABLE_OBJC_ARC = YES;
				CLANG_ENABLE_OBJC_WEAK = YES;
				CLANG_WARN_BLOCK_CAPTURE_AUTORELEASING = YES;
				CLANG_WARN_BOOL_CONVERSION = YES;
				CLANG_WARN_COMMA = YES;
				CLANG_WARN_CONSTANT_CONVERSION = YES;
				CLANG_WARN_DEPRECATED_OBJC_IMPLEMENTATIONS = YES;
				CLANG_WARN_DIRECT_OBJC_ISA_USAGE = YES_ERROR;
				CLANG_WARN_DOCUMENTATION_COMMENTS = YES;
				CLANG_WARN_EMPTY_BODY = YES;
				CLANG_WARN_ENUM_CONVERSION = YES;
				CLANG_WARN_INFINITE_RECURSION = YES;
				CLANG_WARN_INT_CONVERSION = YES;
				CLANG_WARN_NON_LITERAL_NULL_CONVERSION = YES;
				CLANG_WARN_OBJC_IMPLICIT_RETAIN_SELF = YES;
				CLANG_WARN_OBJC_LITERAL_CONVERSION = YES;
				CLANG_WARN_OBJC_ROOT_CLASS = YES_ERROR;
				CLANG_WARN_QUOTED_INCLUDE_IN_FRAMEWORK_HEADER = YES;
				CLANG_WARN_RANGE_LOOP_ANALYSIS = YES;
				CLANG_WARN_STRICT_PROTOTYPES = YES;
				CLANG_WARN_SUSPICIOUS_MOVE = YES;
				CLANG_WARN_UNGUARDED_AVAILABILITY = YES_AGGRESSIVE;
				CLANG_WARN_UNREACHABLE_CODE = YES;
				CLANG_WARN__DUPLICATE_METHOD_MATCH = YES;
				COPY_PHASE_STRIP = NO;
				DEBUG_INFORMATION_FORMAT = "dwarf-with-dsym";
				ENABLE_NS_ASSERTIONS = NO;
				ENABLE_STRICT_OBJC_MSGSEND = YES;
				GCC_C_LANGUAGE_STANDARD = gnu11;
				GCC_NO_COMMON_BLOCKS = YES;
				GCC_WARN_64_TO_32_BIT_CONVERSION = YES;
				GCC_WARN_ABOUT_RETURN_TYPE = YES_ERROR;
				GCC_WARN_UNDECLARED_SELECTOR = YES;
				GCC_WARN_UNINITIALIZED_AUTOS = YES_AGGRESSIVE;
				GCC_WARN_UNUSED_FUNCTION = YES;
				GCC_WARN_UNUSED_VARIABLE = YES;
				IPHONEOS_DEPLOYMENT_TARGET = 16.2;
				MTL_ENABLE_DEBUG_INFO = NO;
				MTL_FAST_MATH = YES;
				SDKROOT = iphoneos;
				SWIFT_COMPILATION_MODE = wholemodule;
				SWIFT_OPTIMIZATION_LEVEL = "-O";
				VALIDATE_PRODUCT = YES;
			};
			name = Release;
		};
		1420B02B2A89B63D0048621D /* Debug */ = {
			isa = XCBuildConfiguration;
			buildSettings = {
				ASSETCATALOG_COMPILER_APPICON_NAME = AppIcon;
				ASSETCATALOG_COMPILER_GLOBAL_ACCENT_COLOR_NAME = AccentColor;
				CODE_SIGN_STYLE = Automatic;
				CURRENT_PROJECT_VERSION = 1;
				DEVELOPMENT_ASSET_PATHS = "\"MiniPrinter/Preview Content\"";
				DEVELOPMENT_TEAM = GSH6P3Q8U8;
				ENABLE_PREVIEWS = YES;
				GENERATE_INFOPLIST_FILE = YES;
				INFOPLIST_KEY_NSBluetoothAlwaysUsageDescription = "搜索和连接MINI打印机蓝牙";
				INFOPLIST_KEY_UIApplicationSceneManifest_Generation = YES;
				INFOPLIST_KEY_UIApplicationSupportsIndirectInputEvents = YES;
				INFOPLIST_KEY_UILaunchScreen_Generation = YES;
				INFOPLIST_KEY_UISupportedInterfaceOrientations_iPad = "UIInterfaceOrientationPortrait UIInterfaceOrientationPortraitUpsideDown UIInterfaceOrientationLandscapeLeft UIInterfaceOrientationLandscapeRight";
				INFOPLIST_KEY_UISupportedInterfaceOrientations_iPhone = "UIInterfaceOrientationPortrait UIInterfaceOrientationLandscapeLeft UIInterfaceOrientationLandscapeRight";
				IPHONEOS_DEPLOYMENT_TARGET = 14.0;
				LD_RUNPATH_SEARCH_PATHS = (
					"$(inherited)",
					"@executable_path/Frameworks",
				);
				MARKETING_VERSION = 1.0;
				PRODUCT_BUNDLE_IDENTIFIER = com.lexiangqicheng.MiniPrinter;
				PRODUCT_NAME = "$(TARGET_NAME)";
				SWIFT_EMIT_LOC_STRINGS = YES;
				SWIFT_VERSION = 5.0;
				TARGETED_DEVICE_FAMILY = "1,2";
			};
			name = Debug;
		};
		1420B02C2A89B63D0048621D /* Release */ = {
			isa = XCBuildConfiguration;
			buildSettings = {
				ASSETCATALOG_COMPILER_APPICON_NAME = AppIcon;
				ASSETCATALOG_COMPILER_GLOBAL_ACCENT_COLOR_NAME = AccentColor;
				CODE_SIGN_STYLE = Automatic;
				CURRENT_PROJECT_VERSION = 1;
				DEVELOPMENT_ASSET_PATHS = "\"MiniPrinter/Preview Content\"";
				DEVELOPMENT_TEAM = GSH6P3Q8U8;
				ENABLE_PREVIEWS = YES;
				GENERATE_INFOPLIST_FILE = YES;
				INFOPLIST_KEY_NSBluetoothAlwaysUsageDescription = "搜索和连接MINI打印机蓝牙";
				INFOPLIST_KEY_UIApplicationSceneManifest_Generation = YES;
				INFOPLIST_KEY_UIApplicationSupportsIndirectInputEvents = YES;
				INFOPLIST_KEY_UILaunchScreen_Generation = YES;
				INFOPLIST_KEY_UISupportedInterfaceOrientations_iPad = "UIInterfaceOrientationPortrait UIInterfaceOrientationPortraitUpsideDown UIInterfaceOrientationLandscapeLeft UIInterfaceOrientationLandscapeRight";
				INFOPLIST_KEY_UISupportedInterfaceOrientations_iPhone = "UIInterfaceOrientationPortrait UIInterfaceOrientationLandscapeLeft UIInterfaceOrientationLandscapeRight";
				IPHONEOS_DEPLOYMENT_TARGET = 14.0;
				LD_RUNPATH_SEARCH_PATHS = (
					"$(inherited)",
					"@executable_path/Frameworks",
				);
				MARKETING_VERSION = 1.0;
				PRODUCT_BUNDLE_IDENTIFIER = com.lexiangqicheng.MiniPrinter;
				PRODUCT_NAME = "$(TARGET_NAME)";
				SWIFT_EMIT_LOC_STRINGS = YES;
				SWIFT_VERSION = 5.0;
				TARGETED_DEVICE_FAMILY = "1,2";
			};
			name = Release;
		};
/* End XCBuildConfiguration section */

/* Begin XCConfigurationList section */
		1420B0172A89B63B0048621D /* Build configuration list for PBXProject "MiniPrinter" */ = {
			isa = XCConfigurationList;
			buildConfigurations = (
				1420B0282A89B63D0048621D /* Debug */,
				1420B0292A89B63D0048621D /* Release */,
			);
			defaultConfigurationIsVisible = 0;
			defaultConfigurationName = Release;
		};
		1420B02A2A89B63D0048621D /* Build configuration list for PBXNativeTarget "MiniPrinter" */ = {
			isa = XCConfigurationList;
			buildConfigurations = (
				1420B02B2A89B63D0048621D /* Debug */,
				1420B02C2A89B63D0048621D /* Release */,
			);
			defaultConfigurationIsVisible = 0;
			defaultConfigurationName = Release;
		};
/* End XCConfigurationList section */

/* Begin XCRemoteSwiftPackageReference section */
		14F455822A8A11D8006255D2 /* XCRemoteSwiftPackageReference "BlueSwift" */ = {
			isa = XCRemoteSwiftPackageReference;
			repositoryURL = "https://github.com/netguru/BlueSwift";
			requirement = {
				kind = upToNextMajorVersion;
				minimumVersion = 1.0.0;
			};
		};
/* End XCRemoteSwiftPackageReference section */

/* Begin XCSwiftPackageProductDependency section */
		14F455832A8A11D8006255D2 /* BlueSwift */ = {
			isa = XCSwiftPackageProductDependency;
			package = 14F455822A8A11D8006255D2 /* XCRemoteSwiftPackageReference "BlueSwift" */;
			productName = BlueSwift;
		};
/* End XCSwiftPackageProductDependency section */
	};
	rootObject = 1420B0142A89B63B0048621D /* Project object */;
}
